
Microsoft Visual Studio Solution File, Format Version 12.00
# Visual Studio Version 17
VisualStudioVersion = 17.0.32014.148
MinimumVisualStudioVersion = 10.0.40219.1
Project("{FAE04EC0-301F-11D3-BF4B-00C04F79EFBC}") = "Borda", "Borda\Borda.csproj", "{049F6D05-62FF-4FA9-A0C1-386A45196D41}"
EndProject
Global
	GlobalSection(SolutionConfigurationPlatforms) = preSolution
		Debug|Any CPU = Debug|Any CPU
		Release|Any CPU = Release|Any CPU
	EndGlobalSection
	GlobalSection(ProjectConfigurationPlatforms) = postSolution
		{049F6D05-62FF-4FA9-A0C1-386A45196D41}.Debug|Any CPU.ActiveCfg = Debug|Any CPU
		{049F6D05-62FF-4FA9-A0C1-386A45196D41}.Debug|Any CPU.Build.0 = Debug|Any CPU
		{049F6D05-62FF-4FA9-A0C1-386A45196D41}.Release|Any CPU.ActiveCfg = Release|Any CPU
		{049F6D05-62FF-4FA9-A0C1-386A45196D41}.Release|Any CPU.Build.0 = Release|Any CPU
	EndGlobalSection
	GlobalSection(SolutionProperties) = preSolution
		HideSolutionNode = FALSE
	EndGlobalSection
	GlobalSection(ExtensibilityGlobals) = postSolution
		SolutionGuid = {24499B44-9F20-4B9E-8398-17553662846D}
	EndGlobalSection
EndGlobal
