
Microsoft Visual Studio Solution File, Format Version 12.00
# Visual Studio Version 17
VisualStudioVersion = 17.0.32014.148
MinimumVisualStudioVersion = 10.0.40219.1
Project("{FAE04EC0-301F-11D3-BF4B-00C04F79EFBC}") = "Timer_Implementado", "Timer_Implementado\Timer_Implementado.csproj", "{3403E0F2-9DB2-41D1-8C6D-90D522557AC3}"
EndProject
Global
	GlobalSection(SolutionConfigurationPlatforms) = preSolution
		Debug|Any CPU = Debug|Any CPU
		Release|Any CPU = Release|Any CPU
	EndGlobalSection
	GlobalSection(ProjectConfigurationPlatforms) = postSolution
		{3403E0F2-9DB2-41D1-8C6D-90D522557AC3}.Debug|Any CPU.ActiveCfg = Debug|Any CPU
		{3403E0F2-9DB2-41D1-8C6D-90D522557AC3}.Debug|Any CPU.Build.0 = Debug|Any CPU
		{3403E0F2-9DB2-41D1-8C6D-90D522557AC3}.Release|Any CPU.ActiveCfg = Release|Any CPU
		{3403E0F2-9DB2-41D1-8C6D-90D522557AC3}.Release|Any CPU.Build.0 = Release|Any CPU
	EndGlobalSection
	GlobalSection(SolutionProperties) = preSolution
		HideSolutionNode = FALSE
	EndGlobalSection
	GlobalSection(ExtensibilityGlobals) = postSolution
		SolutionGuid = {9A26BAD5-D0B0-4BEF-A7E9-0A47D86934F6}
	EndGlobalSection
EndGlobal
